
Microsoft Visual Studio Solution File, Format Version 12.00
# Visual Studio Version 17
VisualStudioVersion = 17.13.35931.197 d17.13
MinimumVisualStudioVersion = 10.0.40219.1
Project("{FAE04EC0-301F-11D3-BF4B-00C04F79EFBC}") = "Server", "Server\Server.csproj", "{AFF8CF1F-9688-404F-837C-21B780781526}"
EndProject
Project("{FAE04EC0-301F-11D3-BF4B-00C04F79EFBC}") = "Client", "Client\Client.csproj", "{15195305-835C-438E-BEB0-136371A2D3B2}"
EndProject
Project("{FAE04EC0-301F-11D3-BF4B-00C04F79EFBC}") = "BaseLibrary", "BaseLibrary\BaseLibrary.csproj", "{376D4947-7BB2-478D-9B5F-6C1164056C81}"
EndProject
Project("{FAE04EC0-301F-11D3-BF4B-00C04F79EFBC}") = "Client.Library", "Client.Library\Client.Library.csproj", "{679FEED8-E2F3-4FF8-BC45-898B12A33B82}"
EndProject
Project("{FAE04EC0-301F-11D3-BF4B-00C04F79EFBC}") = "Server.Library", "Server.Library\Server.Library.csproj", "{F77B150C-F8C1-4A26-AB05-1595EC831487}"
EndProject
Global
	GlobalSection(SolutionConfigurationPlatforms) = preSolution
		Debug|Any CPU = Debug|Any CPU
		Release|Any CPU = Release|Any CPU
	EndGlobalSection
	GlobalSection(ProjectConfigurationPlatforms) = postSolution
		{AFF8CF1F-9688-404F-837C-21B780781526}.Debug|Any CPU.ActiveCfg = Debug|Any CPU
		{AFF8CF1F-9688-404F-837C-21B780781526}.Debug|Any CPU.Build.0 = Debug|Any CPU
		{AFF8CF1F-9688-404F-837C-21B780781526}.Release|Any CPU.ActiveCfg = Release|Any CPU
		{AFF8CF1F-9688-404F-837C-21B780781526}.Release|Any CPU.Build.0 = Release|Any CPU
		{15195305-835C-438E-BEB0-136371A2D3B2}.Debug|Any CPU.ActiveCfg = Debug|Any CPU
		{15195305-835C-438E-BEB0-136371A2D3B2}.Debug|Any CPU.Build.0 = Debug|Any CPU
		{15195305-835C-438E-BEB0-136371A2D3B2}.Release|Any CPU.ActiveCfg = Release|Any CPU
		{15195305-835C-438E-BEB0-136371A2D3B2}.Release|Any CPU.Build.0 = Release|Any CPU
		{376D4947-7BB2-478D-9B5F-6C1164056C81}.Debug|Any CPU.ActiveCfg = Debug|Any CPU
		{376D4947-7BB2-478D-9B5F-6C1164056C81}.Debug|Any CPU.Build.0 = Debug|Any CPU
		{376D4947-7BB2-478D-9B5F-6C1164056C81}.Release|Any CPU.ActiveCfg = Release|Any CPU
		{376D4947-7BB2-478D-9B5F-6C1164056C81}.Release|Any CPU.Build.0 = Release|Any CPU
		{679FEED8-E2F3-4FF8-BC45-898B12A33B82}.Debug|Any CPU.ActiveCfg = Debug|Any CPU
		{679FEED8-E2F3-4FF8-BC45-898B12A33B82}.Debug|Any CPU.Build.0 = Debug|Any CPU
		{679FEED8-E2F3-4FF8-BC45-898B12A33B82}.Release|Any CPU.ActiveCfg = Release|Any CPU
		{679FEED8-E2F3-4FF8-BC45-898B12A33B82}.Release|Any CPU.Build.0 = Release|Any CPU
		{F77B150C-F8C1-4A26-AB05-1595EC831487}.Debug|Any CPU.ActiveCfg = Debug|Any CPU
		{F77B150C-F8C1-4A26-AB05-1595EC831487}.Debug|Any CPU.Build.0 = Debug|Any CPU
		{F77B150C-F8C1-4A26-AB05-1595EC831487}.Release|Any CPU.ActiveCfg = Release|Any CPU
		{F77B150C-F8C1-4A26-AB05-1595EC831487}.Release|Any CPU.Build.0 = Release|Any CPU
	EndGlobalSection
	GlobalSection(SolutionProperties) = preSolution
		HideSolutionNode = FALSE
	EndGlobalSection
	GlobalSection(ExtensibilityGlobals) = postSolution
		SolutionGuid = {C6CEE051-5693-45A4-A0FE-11055C462855}
	EndGlobalSection
EndGlobal
